
Microsoft Visual Studio Solution File, Format Version 12.00
# Visual Studio Version 16
VisualStudioVersion = 16.0.30204.135
MinimumVisualStudioVersion = 10.0.40219.1
Project("{9A19103F-16F7-4668-BE54-9A1E7A4F7556}") = "Json.Helpers", "Json.Helpers\Json.Helpers.csproj", "{61E9CA7A-86BB-45A3-898B-CE48B54F922D}"
EndProject
Project("{9A19103F-16F7-4668-BE54-9A1E7A4F7556}") = "Json.Helpers.UnitTest", "Json.Helpers.UnitTest\Json.Helpers.UnitTest.csproj", "{5F6424DC-D505-444A-AE5D-26CCCB83866B}"
EndProject
Project("{9A19103F-16F7-4668-BE54-9A1E7A4F7556}") = "System.Text.Json.Helpers", "System.Text.Json.Helpers\System.Text.Json.Helpers.csproj", "{4A5598E7-0150-465F-B469-259D991E6F01}"
EndProject
Project("{9A19103F-16F7-4668-BE54-9A1E7A4F7556}") = "System.Text.Json.Helpers.UnitTest", "System.Text.Json.Helpers.UnitTest\System.Text.Json.Helpers.UnitTest.csproj", "{E38181D8-B961-44CB-A7A4-5B79D5D6D95A}"
EndProject
Global
	GlobalSection(SolutionConfigurationPlatforms) = preSolution
		Debug|Any CPU = Debug|Any CPU
		Release|Any CPU = Release|Any CPU
	EndGlobalSection
	GlobalSection(ProjectConfigurationPlatforms) = postSolution
		{61E9CA7A-86BB-45A3-898B-CE48B54F922D}.Debug|Any CPU.ActiveCfg = Debug|Any CPU
		{61E9CA7A-86BB-45A3-898B-CE48B54F922D}.Debug|Any CPU.Build.0 = Debug|Any CPU
		{61E9CA7A-86BB-45A3-898B-CE48B54F922D}.Release|Any CPU.ActiveCfg = Release|Any CPU
		{61E9CA7A-86BB-45A3-898B-CE48B54F922D}.Release|Any CPU.Build.0 = Release|Any CPU
		{5F6424DC-D505-444A-AE5D-26CCCB83866B}.Debug|Any CPU.ActiveCfg = Debug|Any CPU
		{5F6424DC-D505-444A-AE5D-26CCCB83866B}.Debug|Any CPU.Build.0 = Debug|Any CPU
		{5F6424DC-D505-444A-AE5D-26CCCB83866B}.Release|Any CPU.ActiveCfg = Release|Any CPU
		{5F6424DC-D505-444A-AE5D-26CCCB83866B}.Release|Any CPU.Build.0 = Release|Any CPU
		{4A5598E7-0150-465F-B469-259D991E6F01}.Debug|Any CPU.ActiveCfg = Debug|Any CPU
		{4A5598E7-0150-465F-B469-259D991E6F01}.Debug|Any CPU.Build.0 = Debug|Any CPU
		{4A5598E7-0150-465F-B469-259D991E6F01}.Release|Any CPU.ActiveCfg = Release|Any CPU
		{4A5598E7-0150-465F-B469-259D991E6F01}.Release|Any CPU.Build.0 = Release|Any CPU
		{E38181D8-B961-44CB-A7A4-5B79D5D6D95A}.Debug|Any CPU.ActiveCfg = Debug|Any CPU
		{E38181D8-B961-44CB-A7A4-5B79D5D6D95A}.Debug|Any CPU.Build.0 = Debug|Any CPU
		{E38181D8-B961-44CB-A7A4-5B79D5D6D95A}.Release|Any CPU.ActiveCfg = Release|Any CPU
		{E38181D8-B961-44CB-A7A4-5B79D5D6D95A}.Release|Any CPU.Build.0 = Release|Any CPU
	EndGlobalSection
	GlobalSection(SolutionProperties) = preSolution
		HideSolutionNode = FALSE
	EndGlobalSection
	GlobalSection(ExtensibilityGlobals) = postSolution
		SolutionGuid = {FAD525ED-7DD2-4600-A783-90FB360BF9B9}
	EndGlobalSection
EndGlobal
